Microsoft Visual Studio Solution File, Format Version 12.00
# Visual Studio 15
VisualStudioVersion = 15.0.27130.2010
MinimumVisualStudioVersion = 15.0.26124.0
Project("{2150E333-8FDC-42A3-9474-1A3956D46DE8}") = "source", "source", "{2E3085D4-2AE4-4D05-B17D-4B221119F731}"
EndProject
Project("{9A19103F-16F7-4668-BE54-9A1E7A4F7556}") = "AdventOfCode.Core", "source\AdventOfCode.Core\AdventOfCode.Core.csproj", "{A991A1F6-D8A7-44EE-8A50-301D8F557253}"
EndProject
Project("{2150E333-8FDC-42A3-9474-1A3956D46DE8}") = "tests", "tests", "{557907BE-F094-4AB2-8544-75D98AE39AC6}"
EndProject
Project("{9A19103F-16F7-4668-BE54-9A1E7A4F7556}") = "AdventOfCode.Core.UnitTests", "tests\AdventOfCode.Core.UnitTests\AdventOfCode.Core.UnitTests.csproj", "{9D3C5C45-5C64-4CF1-884F-50A5CE7BE7CA}"
EndProject
Global
	GlobalSection(SolutionConfigurationPlatforms) = preSolution
		Debug|Any CPU = Debug|Any CPU
		Debug|x64 = Debug|x64
		Debug|x86 = Debug|x86
		Release|Any CPU = Release|Any CPU
		Release|x64 = Release|x64
		Release|x86 = Release|x86
	EndGlobalSection
	GlobalSection(ProjectConfigurationPlatforms) = postSolution
		{A991A1F6-D8A7-44EE-8A50-301D8F557253}.Debug|Any CPU.ActiveCfg = Debug|Any CPU
		{A991A1F6-D8A7-44EE-8A50-301D8F557253}.Debug|Any CPU.Build.0 = Debug|Any CPU
		{A991A1F6-D8A7-44EE-8A50-301D8F557253}.Debug|x64.ActiveCfg = Debug|Any CPU
		{A991A1F6-D8A7-44EE-8A50-301D8F557253}.Debug|x64.Build.0 = Debug|Any CPU
		{A991A1F6-D8A7-44EE-8A50-301D8F557253}.Debug|x86.ActiveCfg = Debug|Any CPU
		{A991A1F6-D8A7-44EE-8A50-301D8F557253}.Debug|x86.Build.0 = Debug|Any CPU
		{A991A1F6-D8A7-44EE-8A50-301D8F557253}.Release|Any CPU.ActiveCfg = Release|Any CPU
		{A991A1F6-D8A7-44EE-8A50-301D8F557253}.Release|Any CPU.Build.0 = Release|Any CPU
		{A991A1F6-D8A7-44EE-8A50-301D8F557253}.Release|x64.ActiveCfg = Release|Any CPU
		{A991A1F6-D8A7-44EE-8A50-301D8F557253}.Release|x64.Build.0 = Release|Any CPU
		{A991A1F6-D8A7-44EE-8A50-301D8F557253}.Release|x86.ActiveCfg = Release|Any CPU
		{A991A1F6-D8A7-44EE-8A50-301D8F557253}.Release|x86.Build.0 = Release|Any CPU
		{9D3C5C45-5C64-4CF1-884F-50A5CE7BE7CA}.Debug|Any CPU.ActiveCfg = Debug|Any CPU
		{9D3C5C45-5C64-4CF1-884F-50A5CE7BE7CA}.Debug|Any CPU.Build.0 = Debug|Any CPU
		{9D3C5C45-5C64-4CF1-884F-50A5CE7BE7CA}.Debug|x64.ActiveCfg = Debug|Any CPU
		{9D3C5C45-5C64-4CF1-884F-50A5CE7BE7CA}.Debug|x64.Build.0 = Debug|Any CPU
		{9D3C5C45-5C64-4CF1-884F-50A5CE7BE7CA}.Debug|x86.ActiveCfg = Debug|Any CPU
		{9D3C5C45-5C64-4CF1-884F-50A5CE7BE7CA}.Debug|x86.Build.0 = Debug|Any CPU
		{9D3C5C45-5C64-4CF1-884F-50A5CE7BE7CA}.Release|Any CPU.ActiveCfg = Release|Any CPU
		{9D3C5C45-5C64-4CF1-884F-50A5CE7BE7CA}.Release|Any CPU.Build.0 = Release|Any CPU
		{9D3C5C45-5C64-4CF1-884F-50A5CE7BE7CA}.Release|x64.ActiveCfg = Release|Any CPU
		{9D3C5C45-5C64-4CF1-884F-50A5CE7BE7CA}.Release|x64.Build.0 = Release|Any CPU
		{9D3C5C45-5C64-4CF1-884F-50A5CE7BE7CA}.Release|x86.ActiveCfg = Release|Any CPU
		{9D3C5C45-5C64-4CF1-884F-50A5CE7BE7CA}.Release|x86.Build.0 = Release|Any CPU
	EndGlobalSection
	GlobalSection(SolutionProperties) = preSolution
		HideSolutionNode = FALSE
	EndGlobalSection
	GlobalSection(NestedProjects) = preSolution
		{A991A1F6-D8A7-44EE-8A50-301D8F557253} = {2E3085D4-2AE4-4D05-B17D-4B221119F731}
		{9D3C5C45-5C64-4CF1-884F-50A5CE7BE7CA} = {557907BE-F094-4AB2-8544-75D98AE39AC6}
	EndGlobalSection
	GlobalSection(ExtensibilityGlobals) = postSolution
		SolutionGuid = {69A6C6A2-A651-4A73-8799-D9AF62DAF448}
	EndGlobalSection
EndGlobal
